{
  "object": {
    "pins": [
      {
        "package": "MeatFutures",
        "repositoryURL": "https://github.com/Apps-and-Meat/MeatFutures.git",
        "state": {
          "branch": null,
          "revision": "14e3a6250edff1eb5f5694c13a24d38019d21f11",
          "version": "0.1.0"
        }
      }
    ]
  },
  "version": 1
}
